
Microsoft Visual Studio Solution File, Format Version 12.00
# Visual Studio Version 17
VisualStudioVersion = 17.4.33213.308
MinimumVisualStudioVersion = 10.0.40219.1
Project("{FAE04EC0-301F-11D3-BF4B-00C04F79EFBC}") = "CalculadoraTI20N", "CalculadoraTI20N\CalculadoraTI20N.csproj", "{9B993B20-BA06-4B75-9CCE-3FF90FB719CD}"
EndProject
Global
	GlobalSection(SolutionConfigurationPlatforms) = preSolution
		Debug|Any CPU = Debug|Any CPU
		Release|Any CPU = Release|Any CPU
	EndGlobalSection
	GlobalSection(ProjectConfigurationPlatforms) = postSolution
		{9B993B20-BA06-4B75-9CCE-3FF90FB719CD}.Debug|Any CPU.ActiveCfg = Debug|Any CPU
		{9B993B20-BA06-4B75-9CCE-3FF90FB719CD}.Debug|Any CPU.Build.0 = Debug|Any CPU
		{9B993B20-BA06-4B75-9CCE-3FF90FB719CD}.Release|Any CPU.ActiveCfg = Release|Any CPU
		{9B993B20-BA06-4B75-9CCE-3FF90FB719CD}.Release|Any CPU.Build.0 = Release|Any CPU
	EndGlobalSection
	GlobalSection(SolutionProperties) = preSolution
		HideSolutionNode = FALSE
	EndGlobalSection
	GlobalSection(ExtensibilityGlobals) = postSolution
		SolutionGuid = {6C6EFCAA-34C7-452F-9B49-A756326BC56B}
	EndGlobalSection
EndGlobal
